
Microsoft Visual Studio Solution File, Format Version 12.00
# Visual Studio Version 16
VisualStudioVersion = 16.0.29326.143
MinimumVisualStudioVersion = 10.0.40219.1
Project("{FAE04EC0-301F-11D3-BF4B-00C04F79EFBC}") = "Abc.Core", "Abc.Core\Abc.Core.csproj", "{0FAAE556-2B09-4D30-B1B6-A3F9DBB8CB3A}"
EndProject
Project("{FAE04EC0-301F-11D3-BF4B-00C04F79EFBC}") = "Abc.Northwind.Entities", "Abc.Northwind.Entities\Abc.Northwind.Entities.csproj", "{A7E2AF73-2F16-4FD9-9B94-BFF2FB5ED63D}"
EndProject
Project("{FAE04EC0-301F-11D3-BF4B-00C04F79EFBC}") = "Abc.Northwind.DataAccess", "Abc.Northwind.DataAccess\Abc.Northwind.DataAccess.csproj", "{BA5DAD3A-CCA6-4064-AE7D-E2D47F484896}"
EndProject
Project("{FAE04EC0-301F-11D3-BF4B-00C04F79EFBC}") = "Abc.Northwind.Business", "Abc.Northwind.Business\Abc.Northwind.Business.csproj", "{FEDD27DB-F4DF-409B-B425-70D0BE6BB549}"
EndProject
Project("{FAE04EC0-301F-11D3-BF4B-00C04F79EFBC}") = "Abc.Northwind.MvcWebUI", "Abc.Northwind.MvcWebUI\Abc.Northwind.MvcWebUI.csproj", "{CF71D5F8-20B0-441A-B8BD-64396FFF8C85}"
EndProject
Global
	GlobalSection(SolutionConfigurationPlatforms) = preSolution
		Debug|Any CPU = Debug|Any CPU
		Release|Any CPU = Release|Any CPU
	EndGlobalSection
	GlobalSection(ProjectConfigurationPlatforms) = postSolution
		{0FAAE556-2B09-4D30-B1B6-A3F9DBB8CB3A}.Debug|Any CPU.ActiveCfg = Debug|Any CPU
		{0FAAE556-2B09-4D30-B1B6-A3F9DBB8CB3A}.Debug|Any CPU.Build.0 = Debug|Any CPU
		{0FAAE556-2B09-4D30-B1B6-A3F9DBB8CB3A}.Release|Any CPU.ActiveCfg = Release|Any CPU
		{0FAAE556-2B09-4D30-B1B6-A3F9DBB8CB3A}.Release|Any CPU.Build.0 = Release|Any CPU
		{A7E2AF73-2F16-4FD9-9B94-BFF2FB5ED63D}.Debug|Any CPU.ActiveCfg = Debug|Any CPU
		{A7E2AF73-2F16-4FD9-9B94-BFF2FB5ED63D}.Debug|Any CPU.Build.0 = Debug|Any CPU
		{A7E2AF73-2F16-4FD9-9B94-BFF2FB5ED63D}.Release|Any CPU.ActiveCfg = Release|Any CPU
		{A7E2AF73-2F16-4FD9-9B94-BFF2FB5ED63D}.Release|Any CPU.Build.0 = Release|Any CPU
		{BA5DAD3A-CCA6-4064-AE7D-E2D47F484896}.Debug|Any CPU.ActiveCfg = Debug|Any CPU
		{BA5DAD3A-CCA6-4064-AE7D-E2D47F484896}.Debug|Any CPU.Build.0 = Debug|Any CPU
		{BA5DAD3A-CCA6-4064-AE7D-E2D47F484896}.Release|Any CPU.ActiveCfg = Release|Any CPU
		{BA5DAD3A-CCA6-4064-AE7D-E2D47F484896}.Release|Any CPU.Build.0 = Release|Any CPU
		{FEDD27DB-F4DF-409B-B425-70D0BE6BB549}.Debug|Any CPU.ActiveCfg = Debug|Any CPU
		{FEDD27DB-F4DF-409B-B425-70D0BE6BB549}.Debug|Any CPU.Build.0 = Debug|Any CPU
		{FEDD27DB-F4DF-409B-B425-70D0BE6BB549}.Release|Any CPU.ActiveCfg = Release|Any CPU
		{FEDD27DB-F4DF-409B-B425-70D0BE6BB549}.Release|Any CPU.Build.0 = Release|Any CPU
		{CF71D5F8-20B0-441A-B8BD-64396FFF8C85}.Debug|Any CPU.ActiveCfg = Debug|Any CPU
		{CF71D5F8-20B0-441A-B8BD-64396FFF8C85}.Debug|Any CPU.Build.0 = Debug|Any CPU
		{CF71D5F8-20B0-441A-B8BD-64396FFF8C85}.Release|Any CPU.ActiveCfg = Release|Any CPU
		{CF71D5F8-20B0-441A-B8BD-64396FFF8C85}.Release|Any CPU.Build.0 = Release|Any CPU
	EndGlobalSection
	GlobalSection(SolutionProperties) = preSolution
		HideSolutionNode = FALSE
	EndGlobalSection
	GlobalSection(ExtensibilityGlobals) = postSolution
		SolutionGuid = {968371DB-FB05-4483-B81C-F7FEFB2EEA4F}
	EndGlobalSection
EndGlobal
